
Microsoft Visual Studio Solution File, Format Version 12.00
# Visual Studio Version 17
VisualStudioVersion = 17.3.32922.545
MinimumVisualStudioVersion = 10.0.40219.1
Project("{FAE04EC0-301F-11D3-BF4B-00C04F79EFBC}") = "калькулятор Платон", "калькулятор Платон.csproj", "{8F990269-DE58-4F7B-A0AC-3775CEFBFD31}"
EndProject
Global
	GlobalSection(SolutionConfigurationPlatforms) = preSolution
		Debug|Any CPU = Debug|Any CPU
		Release|Any CPU = Release|Any CPU
	EndGlobalSection
	GlobalSection(ProjectConfigurationPlatforms) = postSolution
		{8F990269-DE58-4F7B-A0AC-3775CEFBFD31}.Debug|Any CPU.ActiveCfg = Debug|Any CPU
		{8F990269-DE58-4F7B-A0AC-3775CEFBFD31}.Debug|Any CPU.Build.0 = Debug|Any CPU
		{8F990269-DE58-4F7B-A0AC-3775CEFBFD31}.Release|Any CPU.ActiveCfg = Release|Any CPU
		{8F990269-DE58-4F7B-A0AC-3775CEFBFD31}.Release|Any CPU.Build.0 = Release|Any CPU
	EndGlobalSection
	GlobalSection(SolutionProperties) = preSolution
		HideSolutionNode = FALSE
	EndGlobalSection
	GlobalSection(ExtensibilityGlobals) = postSolution
		SolutionGuid = {60E2BE45-8F29-4ED8-8DE4-8A3D33DD0AC2}
	EndGlobalSection
EndGlobal
